
Microsoft Visual Studio Solution File, Format Version 12.00
# Visual Studio 15
VisualStudioVersion = 15.0.28307.572
MinimumVisualStudioVersion = 10.0.40219.1
Project("{8BC9CEB8-8B4A-11D0-8D11-00A0C91BC942}") = "LDS", "LDS\LDS.vcxproj", "{6E1BCAB7-E6BD-4678-A70B-E37F00B68CCC}"
EndProject
Project("{8BC9CEB8-8B4A-11D0-8D11-00A0C91BC942}") = "MapTma", "MapLds\MapTma.vcxproj", "{E15E5E75-4D21-4083-AF91-E9DA07F356A2}"
EndProject
Project("{8BC9CEB8-8B4A-11D0-8D11-00A0C91BC942}") = "BomExport", "BomExport\BomExport.vcxproj", "{CAB36568-29E7-4D28-A6E8-15D29C2DDF07}"
EndProject
Global
	GlobalSection(SolutionConfigurationPlatforms) = preSolution
		ArxLMADebug07|x86 = ArxLMADebug07|x86
		Debug|x86 = Debug|x86
		LDSDebug|x86 = LDSDebug|x86
		LDSDebugV9|x86 = LDSDebugV9|x86
		LDSRelease|x86 = LDSRelease|x86
		LMADebug|x86 = LMADebug|x86
		LMARelease|x86 = LMARelease|x86
		Release|x86 = Release|x86
		ReleaseLMA|x86 = ReleaseLMA|x86
		TDADebug|x86 = TDADebug|x86
		TDARelease|x86 = TDARelease|x86
		TMADebug|x86 = TMADebug|x86
		TMARelease|x86 = TMARelease|x86
		ZWLDSDebug|x86 = ZWLDSDebug|x86
	EndGlobalSection
	GlobalSection(ProjectConfigurationPlatforms) = postSolution
		{6E1BCAB7-E6BD-4678-A70B-E37F00B68CCC}.ArxLMADebug07|x86.ActiveCfg = LMADebug|Win32
		{6E1BCAB7-E6BD-4678-A70B-E37F00B68CCC}.ArxLMADebug07|x86.Build.0 = LMADebug|Win32
		{6E1BCAB7-E6BD-4678-A70B-E37F00B68CCC}.Debug|x86.ActiveCfg = LDSDebug|Win32
		{6E1BCAB7-E6BD-4678-A70B-E37F00B68CCC}.Debug|x86.Build.0 = LDSDebug|Win32
		{6E1BCAB7-E6BD-4678-A70B-E37F00B68CCC}.LDSDebug|x86.ActiveCfg = LDSDebug|Win32
		{6E1BCAB7-E6BD-4678-A70B-E37F00B68CCC}.LDSDebug|x86.Build.0 = LDSDebug|Win32
		{6E1BCAB7-E6BD-4678-A70B-E37F00B68CCC}.LDSDebugV9|x86.ActiveCfg = LDSDebug|Win32
		{6E1BCAB7-E6BD-4678-A70B-E37F00B68CCC}.LDSDebugV9|x86.Build.0 = LDSDebug|Win32
		{6E1BCAB7-E6BD-4678-A70B-E37F00B68CCC}.LDSRelease|x86.ActiveCfg = LDSRelease|Win32
		{6E1BCAB7-E6BD-4678-A70B-E37F00B68CCC}.LDSRelease|x86.Build.0 = LDSRelease|Win32
		{6E1BCAB7-E6BD-4678-A70B-E37F00B68CCC}.LMADebug|x86.ActiveCfg = LMADebug|Win32
		{6E1BCAB7-E6BD-4678-A70B-E37F00B68CCC}.LMADebug|x86.Build.0 = LMADebug|Win32
		{6E1BCAB7-E6BD-4678-A70B-E37F00B68CCC}.LMARelease|x86.ActiveCfg = LMARelease|Win32
		{6E1BCAB7-E6BD-4678-A70B-E37F00B68CCC}.LMARelease|x86.Build.0 = LMARelease|Win32
		{6E1BCAB7-E6BD-4678-A70B-E37F00B68CCC}.Release|x86.ActiveCfg = TMARelease|Win32
		{6E1BCAB7-E6BD-4678-A70B-E37F00B68CCC}.Release|x86.Build.0 = TMARelease|Win32
		{6E1BCAB7-E6BD-4678-A70B-E37F00B68CCC}.ReleaseLMA|x86.ActiveCfg = TMARelease|Win32
		{6E1BCAB7-E6BD-4678-A70B-E37F00B68CCC}.ReleaseLMA|x86.Build.0 = TMARelease|Win32
		{6E1BCAB7-E6BD-4678-A70B-E37F00B68CCC}.TDADebug|x86.ActiveCfg = TDADebug|Win32
		{6E1BCAB7-E6BD-4678-A70B-E37F00B68CCC}.TDADebug|x86.Build.0 = TDADebug|Win32
		{6E1BCAB7-E6BD-4678-A70B-E37F00B68CCC}.TDARelease|x86.ActiveCfg = TDARelease|Win32
		{6E1BCAB7-E6BD-4678-A70B-E37F00B68CCC}.TDARelease|x86.Build.0 = TDARelease|Win32
		{6E1BCAB7-E6BD-4678-A70B-E37F00B68CCC}.TMADebug|x86.ActiveCfg = TMADebug|Win32
		{6E1BCAB7-E6BD-4678-A70B-E37F00B68CCC}.TMADebug|x86.Build.0 = TMADebug|Win32
		{6E1BCAB7-E6BD-4678-A70B-E37F00B68CCC}.TMARelease|x86.ActiveCfg = TMARelease|Win32
		{6E1BCAB7-E6BD-4678-A70B-E37F00B68CCC}.TMARelease|x86.Build.0 = TMARelease|Win32
		{6E1BCAB7-E6BD-4678-A70B-E37F00B68CCC}.ZWLDSDebug|x86.ActiveCfg = LDSDebug|Win32
		{6E1BCAB7-E6BD-4678-A70B-E37F00B68CCC}.ZWLDSDebug|x86.Build.0 = LDSDebug|Win32
		{E15E5E75-4D21-4083-AF91-E9DA07F356A2}.ArxLMADebug07|x86.ActiveCfg = LMADebug|Win32
		{E15E5E75-4D21-4083-AF91-E9DA07F356A2}.ArxLMADebug07|x86.Build.0 = LMADebug|Win32
		{E15E5E75-4D21-4083-AF91-E9DA07F356A2}.Debug|x86.ActiveCfg = LDSDebug|Win32
		{E15E5E75-4D21-4083-AF91-E9DA07F356A2}.Debug|x86.Build.0 = LDSDebug|Win32
		{E15E5E75-4D21-4083-AF91-E9DA07F356A2}.LDSDebug|x86.ActiveCfg = LDSDebug|Win32
		{E15E5E75-4D21-4083-AF91-E9DA07F356A2}.LDSDebug|x86.Build.0 = LDSDebug|Win32
		{E15E5E75-4D21-4083-AF91-E9DA07F356A2}.LDSDebugV9|x86.ActiveCfg = LDSDebugV9|Win32
		{E15E5E75-4D21-4083-AF91-E9DA07F356A2}.LDSDebugV9|x86.Build.0 = LDSDebugV9|Win32
		{E15E5E75-4D21-4083-AF91-E9DA07F356A2}.LDSRelease|x86.ActiveCfg = LDSRelease|Win32
		{E15E5E75-4D21-4083-AF91-E9DA07F356A2}.LDSRelease|x86.Build.0 = LDSRelease|Win32
		{E15E5E75-4D21-4083-AF91-E9DA07F356A2}.LMADebug|x86.ActiveCfg = LMADebug|Win32
		{E15E5E75-4D21-4083-AF91-E9DA07F356A2}.LMADebug|x86.Build.0 = LMADebug|Win32
		{E15E5E75-4D21-4083-AF91-E9DA07F356A2}.LMARelease|x86.ActiveCfg = LMARelease|Win32
		{E15E5E75-4D21-4083-AF91-E9DA07F356A2}.LMARelease|x86.Build.0 = LMARelease|Win32
		{E15E5E75-4D21-4083-AF91-E9DA07F356A2}.Release|x86.ActiveCfg = TMARelease|Win32
		{E15E5E75-4D21-4083-AF91-E9DA07F356A2}.Release|x86.Build.0 = TMARelease|Win32
		{E15E5E75-4D21-4083-AF91-E9DA07F356A2}.ReleaseLMA|x86.ActiveCfg = ZWLDSDebug|Win32
		{E15E5E75-4D21-4083-AF91-E9DA07F356A2}.ReleaseLMA|x86.Build.0 = ZWLDSDebug|Win32
		{E15E5E75-4D21-4083-AF91-E9DA07F356A2}.TDADebug|x86.ActiveCfg = TDADebug|Win32
		{E15E5E75-4D21-4083-AF91-E9DA07F356A2}.TDADebug|x86.Build.0 = TDADebug|Win32
		{E15E5E75-4D21-4083-AF91-E9DA07F356A2}.TDARelease|x86.ActiveCfg = TDARelease|Win32
		{E15E5E75-4D21-4083-AF91-E9DA07F356A2}.TDARelease|x86.Build.0 = TDARelease|Win32
		{E15E5E75-4D21-4083-AF91-E9DA07F356A2}.TMADebug|x86.ActiveCfg = TMADebug|Win32
		{E15E5E75-4D21-4083-AF91-E9DA07F356A2}.TMADebug|x86.Build.0 = TMADebug|Win32
		{E15E5E75-4D21-4083-AF91-E9DA07F356A2}.TMARelease|x86.ActiveCfg = TMARelease|Win32
		{E15E5E75-4D21-4083-AF91-E9DA07F356A2}.TMARelease|x86.Build.0 = TMARelease|Win32
		{E15E5E75-4D21-4083-AF91-E9DA07F356A2}.ZWLDSDebug|x86.ActiveCfg = ZWLDSDebug|Win32
		{E15E5E75-4D21-4083-AF91-E9DA07F356A2}.ZWLDSDebug|x86.Build.0 = ZWLDSDebug|Win32
		{CAB36568-29E7-4D28-A6E8-15D29C2DDF07}.ArxLMADebug07|x86.ActiveCfg = Debug|Win32
		{CAB36568-29E7-4D28-A6E8-15D29C2DDF07}.ArxLMADebug07|x86.Build.0 = Debug|Win32
		{CAB36568-29E7-4D28-A6E8-15D29C2DDF07}.Debug|x86.ActiveCfg = Debug|Win32
		{CAB36568-29E7-4D28-A6E8-15D29C2DDF07}.Debug|x86.Build.0 = Debug|Win32
		{CAB36568-29E7-4D28-A6E8-15D29C2DDF07}.LDSDebug|x86.ActiveCfg = Debug|Win32
		{CAB36568-29E7-4D28-A6E8-15D29C2DDF07}.LDSDebug|x86.Build.0 = Debug|Win32
		{CAB36568-29E7-4D28-A6E8-15D29C2DDF07}.LDSDebugV9|x86.ActiveCfg = Debug|Win32
		{CAB36568-29E7-4D28-A6E8-15D29C2DDF07}.LDSDebugV9|x86.Build.0 = Debug|Win32
		{CAB36568-29E7-4D28-A6E8-15D29C2DDF07}.LDSRelease|x86.ActiveCfg = Release|Win32
		{CAB36568-29E7-4D28-A6E8-15D29C2DDF07}.LDSRelease|x86.Build.0 = Release|Win32
		{CAB36568-29E7-4D28-A6E8-15D29C2DDF07}.LMADebug|x86.ActiveCfg = Debug|Win32
		{CAB36568-29E7-4D28-A6E8-15D29C2DDF07}.LMADebug|x86.Build.0 = Debug|Win32
		{CAB36568-29E7-4D28-A6E8-15D29C2DDF07}.LMARelease|x86.ActiveCfg = Release|Win32
		{CAB36568-29E7-4D28-A6E8-15D29C2DDF07}.LMARelease|x86.Build.0 = Release|Win32
		{CAB36568-29E7-4D28-A6E8-15D29C2DDF07}.Release|x86.ActiveCfg = Release|Win32
		{CAB36568-29E7-4D28-A6E8-15D29C2DDF07}.Release|x86.Build.0 = Release|Win32
		{CAB36568-29E7-4D28-A6E8-15D29C2DDF07}.ReleaseLMA|x86.ActiveCfg = Release|Win32
		{CAB36568-29E7-4D28-A6E8-15D29C2DDF07}.ReleaseLMA|x86.Build.0 = Release|Win32
		{CAB36568-29E7-4D28-A6E8-15D29C2DDF07}.TDADebug|x86.ActiveCfg = Debug|Win32
		{CAB36568-29E7-4D28-A6E8-15D29C2DDF07}.TDADebug|x86.Build.0 = Debug|Win32
		{CAB36568-29E7-4D28-A6E8-15D29C2DDF07}.TDARelease|x86.ActiveCfg = Release|Win32
		{CAB36568-29E7-4D28-A6E8-15D29C2DDF07}.TDARelease|x86.Build.0 = Release|Win32
		{CAB36568-29E7-4D28-A6E8-15D29C2DDF07}.TMADebug|x86.ActiveCfg = Debug|Win32
		{CAB36568-29E7-4D28-A6E8-15D29C2DDF07}.TMADebug|x86.Build.0 = Debug|Win32
		{CAB36568-29E7-4D28-A6E8-15D29C2DDF07}.TMARelease|x86.ActiveCfg = Release|Win32
		{CAB36568-29E7-4D28-A6E8-15D29C2DDF07}.TMARelease|x86.Build.0 = Release|Win32
		{CAB36568-29E7-4D28-A6E8-15D29C2DDF07}.ZWLDSDebug|x86.ActiveCfg = Debug|Win32
		{CAB36568-29E7-4D28-A6E8-15D29C2DDF07}.ZWLDSDebug|x86.Build.0 = Debug|Win32
	EndGlobalSection
	GlobalSection(SolutionProperties) = preSolution
		HideSolutionNode = FALSE
	EndGlobalSection
	GlobalSection(ExtensibilityGlobals) = postSolution
		SolutionGuid = {7B0CF946-FD4A-4B8C-AB45-E61420279CC7}
	EndGlobalSection
EndGlobal
